
Microsoft Visual Studio Solution File, Format Version 12.00
# Visual Studio Version 17
VisualStudioVersion = 17.3.32825.248
MinimumVisualStudioVersion = 10.0.40219.1
Project("{9A19103F-16F7-4668-BE54-9A1E7A4F7556}") = "Order.ApiService", "Order.ApiService\Order.ApiService.csproj", "{F0192EB4-68C8-4766-9B9A-14563F7385DD}"
EndProject
Project("{9A19103F-16F7-4668-BE54-9A1E7A4F7556}") = "Stock.ApiService", "Stock.ApiService\Stock.ApiService.csproj", "{8C85B710-D659-4172-9A3D-3689600E0282}"
EndProject
Project("{9A19103F-16F7-4668-BE54-9A1E7A4F7556}") = "SagaMachine", "SagaMachine\SagaMachine.csproj", "{A987631F-3448-431F-BD05-897E32CD4470}"
EndProject
Project("{9A19103F-16F7-4668-BE54-9A1E7A4F7556}") = "Messages", "Message.Models\Messages.csproj", "{CEE22F9F-92AB-4E6E-AB58-99B36900E370}"
EndProject
Project("{2150E333-8FDC-42A3-9474-1A3956D46DE8}") = "Solution Items", "Solution Items", "{BCC13775-FF55-428F-A637-20FA704DDF13}"
	ProjectSection(SolutionItems) = preProject
		docker-compose.yml = docker-compose.yml
		OrderStateTable-CreateScript.sql = OrderStateTable-CreateScript.sql
	EndProjectSection
EndProject
Project("{9A19103F-16F7-4668-BE54-9A1E7A4F7556}") = "Sms.ApiService", "Sms.ApiService\Sms.ApiService.csproj", "{F4393F45-E0E5-495B-9E18-C7DA64D848D1}"
EndProject
Global
	GlobalSection(SolutionConfigurationPlatforms) = preSolution
		Debug|Any CPU = Debug|Any CPU
		Release|Any CPU = Release|Any CPU
	EndGlobalSection
	GlobalSection(ProjectConfigurationPlatforms) = postSolution
		{F0192EB4-68C8-4766-9B9A-14563F7385DD}.Debug|Any CPU.ActiveCfg = Debug|Any CPU
		{F0192EB4-68C8-4766-9B9A-14563F7385DD}.Debug|Any CPU.Build.0 = Debug|Any CPU
		{F0192EB4-68C8-4766-9B9A-14563F7385DD}.Release|Any CPU.ActiveCfg = Release|Any CPU
		{F0192EB4-68C8-4766-9B9A-14563F7385DD}.Release|Any CPU.Build.0 = Release|Any CPU
		{8C85B710-D659-4172-9A3D-3689600E0282}.Debug|Any CPU.ActiveCfg = Debug|Any CPU
		{8C85B710-D659-4172-9A3D-3689600E0282}.Debug|Any CPU.Build.0 = Debug|Any CPU
		{8C85B710-D659-4172-9A3D-3689600E0282}.Release|Any CPU.ActiveCfg = Release|Any CPU
		{8C85B710-D659-4172-9A3D-3689600E0282}.Release|Any CPU.Build.0 = Release|Any CPU
		{A987631F-3448-431F-BD05-897E32CD4470}.Debug|Any CPU.ActiveCfg = Debug|Any CPU
		{A987631F-3448-431F-BD05-897E32CD4470}.Debug|Any CPU.Build.0 = Debug|Any CPU
		{A987631F-3448-431F-BD05-897E32CD4470}.Release|Any CPU.ActiveCfg = Release|Any CPU
		{A987631F-3448-431F-BD05-897E32CD4470}.Release|Any CPU.Build.0 = Release|Any CPU
		{CEE22F9F-92AB-4E6E-AB58-99B36900E370}.Debug|Any CPU.ActiveCfg = Debug|Any CPU
		{CEE22F9F-92AB-4E6E-AB58-99B36900E370}.Debug|Any CPU.Build.0 = Debug|Any CPU
		{CEE22F9F-92AB-4E6E-AB58-99B36900E370}.Release|Any CPU.ActiveCfg = Release|Any CPU
		{CEE22F9F-92AB-4E6E-AB58-99B36900E370}.Release|Any CPU.Build.0 = Release|Any CPU
		{F4393F45-E0E5-495B-9E18-C7DA64D848D1}.Debug|Any CPU.ActiveCfg = Debug|Any CPU
		{F4393F45-E0E5-495B-9E18-C7DA64D848D1}.Debug|Any CPU.Build.0 = Debug|Any CPU
		{F4393F45-E0E5-495B-9E18-C7DA64D848D1}.Release|Any CPU.ActiveCfg = Release|Any CPU
		{F4393F45-E0E5-495B-9E18-C7DA64D848D1}.Release|Any CPU.Build.0 = Release|Any CPU
	EndGlobalSection
	GlobalSection(SolutionProperties) = preSolution
		HideSolutionNode = FALSE
	EndGlobalSection
	GlobalSection(ExtensibilityGlobals) = postSolution
		SolutionGuid = {10191F58-5558-47C2-A609-F5038F54B6B0}
	EndGlobalSection
EndGlobal
